automation:

- alias: wekker Bart gezet via HA = wakker worden met zonlicht en ringtone
  id: 'd769b6f3-40da-a805-ebe3888dcd1a'
  description: ''
  trigger:
  - platform: template
    value_template: >
      {{  now() >= today_at(states('input_datetime.bart_alarmclock_time')) - timedelta(minutes= 5 | int) }}
  condition:
    - condition: state
      entity_id: input_boolean.bart_ha_alarmclock
      state: "on"
  action:
    - parallel: 
        - action: script.master_bedroom_play_sunrise
          data: {}
        - sequence:  
            - wait_template: ''
              timeout: 00:05:00
            - action: media_player.volume_set
              data:
                entity_id: media_player.master_bedroom_speaker
                volume_level: 0.3
            - action: media_player.play_media
              data:
                entity_id: media_player.master_bedroom_speaker
                media_content_id: http://192.168.68.100:8123/local/soft_morning_alarm.mp3
                media_content_type: music
  mode: restart


- alias: wijziging in activiteitskalender Bart = wekker aanpassen
  id: '28b301dc-7da7-4986-afdc-c060734e7447'
  description: ''
  trigger:
    - platform: state
      entity_id:
        - input_select.bart_activity_day_1
        - input_select.bart_activity_day_1
        - input_select.bart_activity_day_2
        - input_select.bart_activity_day_3
        - input_select.bart_activity_day_4
        - input_select.bart_activity_day_5
        - input_select.bart_activity_day_6
        - input_select.bart_activity_day_7
  condition: []
  action:
    - action: script.set_alarmclock_bart_based_on_calendar
      data: {}
  mode: restart


- alias: wekker Bart gezet op smartphone = wakker worden met zonlicht en ringtone
  id: 'fd733e3e-a43f-4e97-807e-156d0e1279db'
  description: ''
  trigger:
  - platform: template
    value_template: >
      {{ as_timestamp(states('sensor.sm_s916b_next_alarm')) | int() == as_timestamp(now() + timedelta(minutes=5)) | int() }}
  condition:
    - condition: state
      entity_id: input_boolean.bart_alarmclock_sunrise
      state: "on"  
  action:
    - parallel: 
        - action: script.master_bedroom_play_bart_sunrise
          data: {}
        - sequence:  
            - wait_template: ''
              timeout: 00:05:00
            - action: media_player.volume_set
              data:
                entity_id: media_player.master_bedroom_speaker
                volume_level: 0.3
            - action: media_player.play_media
              data:
                entity_id: media_player.master_bedroom_speaker
                media_content_id: http://192.168.68.100:8123/local/soft_morning_alarm.mp3
                media_content_type: music
  mode: restart

# - alias: script 'master_bedroom_play_bart_gradual_light' uitgeschakeld = terug starten
#   id: '0f7fbddf-aacc-492a-bfb2-9e2678103c2a'
#   description: ''
#   trigger:
#     - platform: state
#       entity_id:
#         - script.master_bedroom_play_bart_gradual_light
#       to: "off"
#       for:
#         hours: 0
#         minutes: 0
#         seconds: 10
#   condition: []
#   action:
#     - action: automation.turn_on
#       target:
#         entity_id: script.master_bedroom_play_bart_gradual_light
#       data: {}
#   mode: restart



- alias: wekker Madouce gezet via HA = wakker worden met zonlicht en ringtone
  id: '3e1809eb-7415-4e45-8fa5-2b67285695fb'
  description: ''
  trigger:
    - platform: template
      value_template: >
        {{  now() >= today_at(states('input_datetime.madouce_alarmclock_time')) - timedelta(minutes= 5 | int) }}
  condition:
    - condition: state
      entity_id: input_boolean.madouce_ha_alarmclock
      state: "on"
  action:
    - parallel: 
        - action: script.master_bedroom_play_madouce_sunrise
          data: {}
        - sequence:  
            - wait_template: ''
              timeout: 00:05:00
            - action: media_player.volume_set
              data:
                entity_id: media_player.master_bedroom_speaker
                volume_level: 0.3
            - action: media_player.play_media
              data:
                entity_id: media_player.master_bedroom_speaker
                media_content_id: http://192.168.68.100:8123/local/soft_morning_alarm.mp3
                media_content_type: music
  mode: restart

- alias: wekker Madouce gezet op smartphone = wakker worden met zonlicht en ringtone
  id: '136908f0-6ba8-4afb-bdfb-698e90cf56a8'
  description: ''
  trigger:
  - platform: template
    value_template: >
      {{ as_timestamp(states('sensor.sm_g986b_next_alarm')) | int() == as_timestamp(now() + timedelta(minutes=5)) | int() }}
  condition:
    - condition: state
      entity_id: input_boolean.madouce_alarmclock_sunrise
      state: "on"  
  action:
    - parallel: 
        - action: script.master_bedroom_play_madouce_sunrise
          data: {}
        - sequence:  
            - wait_template: ''
              timeout: 00:05:00
            - action: media_player.volume_set
              data:
                entity_id: media_player.master_bedroom_speaker
                volume_level: 0.3
            - action: media_player.play_media
              data:
                entity_id: media_player.master_bedroom_speaker
                media_content_id: http://192.168.68.100:8123/local/soft_morning_alarm.mp3
                media_content_type: music
  mode: restart


# - alias: script 'master_bedroom_play_madouce_gradual_light' uitgeschakeld = terug starten
#   id: '10fb8e38-e7a4-44d9-878e-f51dc28c3b33'
#   description: ''
#   trigger:
#     - platform: state
#       entity_id:
#         - script.master_bedroom_play_madouce_gradual_light
#       to: "off"
#       for:
#         hours: 0
#         minutes: 0
#         seconds: 10
#   condition: []
#   action:
#     - action: automation.turn_on
#       target:
#         entity_id: script.master_bedroom_play_madouce_gradual_light
#       data: {}
#   mode: restart


- alias: om 12u 's middags zet wekker volgens planning
  id: c06883d6-d98a-48f1-aad6-4f0d6b5acc12
  description: ""
  trigger:
    - platform: time
      at: "12:00:00"
  condition: []
  action:
    - action: script.set_alarmclock_bart_based_on_calendar
      data: {}
  mode: single
